
Microsoft Visual Studio Solution File, Format Version 12.00
# Visual Studio Version 16
VisualStudioVersion = 16.0.29806.167
MinimumVisualStudioVersion = 10.0.40219.1
Project("{9A19103F-16F7-4668-BE54-9A1E7A4F7556}") = "Covid19", "Covid19\Covid19.csproj", "{5588EA2C-DBEC-4B89-AC07-15CB158BB45B}"
EndProject
Global
	GlobalSection(SolutionConfigurationPlatforms) = preSolution
		Debug|Any CPU = Debug|Any CPU
		Release|Any CPU = Release|Any CPU
	EndGlobalSection
	GlobalSection(ProjectConfigurationPlatforms) = postSolution
		{5588EA2C-DBEC-4B89-AC07-15CB158BB45B}.Debug|Any CPU.ActiveCfg = Debug|Any CPU
		{5588EA2C-DBEC-4B89-AC07-15CB158BB45B}.Debug|Any CPU.Build.0 = Debug|Any CPU
		{5588EA2C-DBEC-4B89-AC07-15CB158BB45B}.Release|Any CPU.ActiveCfg = Release|Any CPU
		{5588EA2C-DBEC-4B89-AC07-15CB158BB45B}.Release|Any CPU.Build.0 = Release|Any CPU
	EndGlobalSection
	GlobalSection(SolutionProperties) = preSolution
		HideSolutionNode = FALSE
	EndGlobalSection
	GlobalSection(ExtensibilityGlobals) = postSolution
		SolutionGuid = {0CBA23B4-5FE6-436B-8D06-2ADE47661D67}
	EndGlobalSection
EndGlobal
